// !$*UTF8*$!
{
	archiveVersion = 1;
	classes = {
	};
	objectVersion = 50;
	objects = {

/* Begin PBXBuildFile section */
		CA08A4DF2312DCEC00CFE5BE /* main.m in Sources */ = {isa = PBXBuildFile; fileRef = CA08A4DE2312DCEC00CFE5BE /* main.m */; };
		CA08A4E72312DD2B00CFE5BE /* Person.m in Sources */ = {isa = PBXBuildFile; fileRef = CA08A4E62312DD2B00CFE5BE /* Person.m */; };
		CA08A4EA2312DD3500CFE5BE /* Cat.m in Sources */ = {isa = PBXBuildFile; fileRef = CA08A4E92312DD3500CFE5BE /* Cat.m */; };
		CA08A4ED2312E33000CFE5BE /* Person1.m in Sources */ = {isa = PBXBuildFile; fileRef = CA08A4EC2312E33000CFE5BE /* Person1.m */; };
		CA08A4F02312E33C00CFE5BE /* Cat1.m in Sources */ = {isa = PBXBuildFile; fileRef = CA08A4EF2312E33C00CFE5BE /* Cat1.m */; };
/* End PBXBuildFile section */

/* Begin PBXCopyFilesBuildPhase section */
		CA08A4D92312DCEC00CFE5BE /* CopyFiles */ = {
			isa = PBXCopyFilesBuildPhase;
			buildActionMask = 2147483647;
			dstPath = /usr/share/man/man1/;
			dstSubfolderSpec = 0;
			files = (
			);
			runOnlyForDeploymentPostprocessing = 1;
		};
/* End PBXCopyFilesBuildPhase section */

/* Begin PBXFileReference section */
		CA08A4DB2312DCEC00CFE5BE /* objc_msgsend 消息转发机制 */ = {isa = PBXFileReference; explicitFileType = "compiled.mach-o.executable"; includeInIndex = 0; path = "objc_msgsend 消息转发机制"; sourceTree = BUILT_PRODUCTS_DIR; };
		CA08A4DE2312DCEC00CFE5BE /* main.m */ = {isa = PBXFileReference; lastKnownFileType = sourcecode.c.objc; path = main.m; sourceTree = "<group>"; };
		CA08A4E52312DD2B00CFE5BE /* Person.h */ = {isa = PBXFileReference; lastKnownFileType = sourcecode.c.h; path = Person.h; sourceTree = "<group>"; };
		CA08A4E62312DD2B00CFE5BE /* Person.m */ = {isa = PBXFileReference; lastKnownFileType = sourcecode.c.objc; path = Person.m; sourceTree = "<group>"; };
		CA08A4E82312DD3500CFE5BE /* Cat.h */ = {isa = PBXFileReference; lastKnownFileType = sourcecode.c.h; path = Cat.h; sourceTree = "<group>"; };
		CA08A4E92312DD3500CFE5BE /* Cat.m */ = {isa = PBXFileReference; lastKnownFileType = sourcecode.c.objc; path = Cat.m; sourceTree = "<group>"; };
		CA08A4EB2312E33000CFE5BE /* Person1.h */ = {isa = PBXFileReference; lastKnownFileType = sourcecode.c.h; path = Person1.h; sourceTree = "<group>"; };
		CA08A4EC2312E33000CFE5BE /* Person1.m */ = {isa = PBXFileReference; lastKnownFileType = sourcecode.c.objc; path = Person1.m; sourceTree = "<group>"; };
		CA08A4EE2312E33C00CFE5BE /* Cat1.h */ = {isa = PBXFileReference; lastKnownFileType = sourcecode.c.h; path = Cat1.h; sourceTree = "<group>"; };
		CA08A4EF2312E33C00CFE5BE /* Cat1.m */ = {isa = PBXFileReference; lastKnownFileType = sourcecode.c.objc; path = Cat1.m; sourceTree = "<group>"; };
/* End PBXFileReference section */

/* Begin PBXFrameworksBuildPhase section */
		CA08A4D82312DCEC00CFE5BE /* Frameworks */ = {
			isa = PBXFrameworksBuildPhase;
			buildActionMask = 2147483647;
			files = (
			);
			runOnlyForDeploymentPostprocessing = 0;
		};
/* End PBXFrameworksBuildPhase section */

/* Begin PBXGroup section */
		CA08A4D22312DCEC00CFE5BE = {
			isa = PBXGroup;
			children = (
				CA08A4DD2312DCEC00CFE5BE /* objc_msgsend 消息转发机制 */,
				CA08A4DC2312DCEC00CFE5BE /* Products */,
			);
			sourceTree = "<group>";
		};
		CA08A4DC2312DCEC00CFE5BE /* Products */ = {
			isa = PBXGroup;
			children = (
				CA08A4DB2312DCEC00CFE5BE /* objc_msgsend 消息转发机制 */,
			);
			name = Products;
			sourceTree = "<group>";
		};
		CA08A4DD2312DCEC00CFE5BE /* objc_msgsend 消息转发机制 */ = {
			isa = PBXGroup;
			children = (
				CA08A4DE2312DCEC00CFE5BE /* main.m */,
				CA08A4E52312DD2B00CFE5BE /* Person.h */,
				CA08A4E62312DD2B00CFE5BE /* Person.m */,
				CA08A4E82312DD3500CFE5BE /* Cat.h */,
				CA08A4E92312DD3500CFE5BE /* Cat.m */,
				CA08A4EB2312E33000CFE5BE /* Person1.h */,
				CA08A4EC2312E33000CFE5BE /* Person1.m */,
				CA08A4EE2312E33C00CFE5BE /* Cat1.h */,
				CA08A4EF2312E33C00CFE5BE /* Cat1.m */,
			);
			path = "objc_msgsend 消息转发机制";
			sourceTree = "<group>";
		};
/* End PBXGroup section */

/* Begin PBXNativeTarget section */
		CA08A4DA2312DCEC00CFE5BE /* objc_msgsend 消息转发机制 */ = {
			isa = PBXNativeTarget;
			buildConfigurationList = CA08A4E22312DCEC00CFE5BE /* Build configuration list for PBXNativeTarget "objc_msgsend 消息转发机制" */;
			buildPhases = (
				CA08A4D72312DCEC00CFE5BE /* Sources */,
				CA08A4D82312DCEC00CFE5BE /* Frameworks */,
				CA08A4D92312DCEC00CFE5BE /* CopyFiles */,
			);
			buildRules = (
			);
			dependencies = (
			);
			name = "objc_msgsend 消息转发机制";
			productName = "objc_msgsend 消息转发机制";
			productReference = CA08A4DB2312DCEC00CFE5BE /* objc_msgsend 消息转发机制 */;
			productType = "com.apple.product-type.tool";
		};
/* End PBXNativeTarget section */

/* Begin PBXProject section */
		CA08A4D32312DCEC00CFE5BE /* Project object */ = {
			isa = PBXProject;
			attributes = {
				LastUpgradeCheck = 1100;
				ORGANIZATIONNAME = CXTretar;
				TargetAttributes = {
					CA08A4DA2312DCEC00CFE5BE = {
						CreatedOnToolsVersion = 10.3;
					};
				};
			};
			buildConfigurationList = CA08A4D62312DCEC00CFE5BE /* Build configuration list for PBXProject "objc_msgsend 消息转发机制" */;
			compatibilityVersion = "Xcode 9.3";
			developmentRegion = en;
			hasScannedForEncodings = 0;
			knownRegions = (
				en,
			);
			mainGroup = CA08A4D22312DCEC00CFE5BE;
			productRefGroup = CA08A4DC2312DCEC00CFE5BE /* Products */;
			projectDirPath = "";
			projectRoot = "";
			targets = (
				CA08A4DA2312DCEC00CFE5BE /* objc_msgsend 消息转发机制 */,
			);
		};
/* End PBXProject section */

/* Begin PBXSourcesBuildPhase section */
		CA08A4D72312DCEC00CFE5BE /* Sources */ = {
			isa = PBXSourcesBuildPhase;
			buildActionMask = 2147483647;
			files = (
				CA08A4F02312E33C00CFE5BE /* Cat1.m in Sources */,
				CA08A4ED2312E33000CFE5BE /* Person1.m in Sources */,
				CA08A4EA2312DD3500CFE5BE /* Cat.m in Sources */,
				CA08A4E72312DD2B00CFE5BE /* Person.m in Sources */,
				CA08A4DF2312DCEC00CFE5BE /* main.m in Sources */,
			);
			runOnlyForDeploymentPostprocessing = 0;
		};
/* End PBXSourcesBuildPhase section */

/* Begin XCBuildConfiguration section */
		CA08A4E02312DCEC00CFE5BE /* Debug */ = {
			isa = XCBuildConfiguration;
			buildSettings = {
				ALWAYS_SEARCH_USER_PATHS = NO;
				CLANG_ANALYZER_NONNULL = YES;
				CLANG_ANALYZER_NUMBER_OBJECT_CONVERSION = YES_AGGRESSIVE;
				CLANG_CXX_LANGUAGE_STANDARD = "gnu++14";
				CLANG_CXX_LIBRARY = "libc++";
				CLANG_ENABLE_MODULES = YES;
				CLANG_ENABLE_OBJC_ARC = YES;
				CLANG_ENABLE_OBJC_WEAK = YES;
				CLANG_WARN_BLOCK_CAPTURE_AUTORELEASING = YES;
				CLANG_WARN_BOOL_CONVERSION = YES;
				CLANG_WARN_COMMA = YES;
				CLANG_WARN_CONSTANT_CONVERSION = YES;
				CLANG_WARN_DEPRECATED_OBJC_IMPLEMENTATIONS = YES;
				CLANG_WARN_DIRECT_OBJC_ISA_USAGE = YES_ERROR;
				CLANG_WARN_DOCUMENTATION_COMMENTS = YES;
				CLANG_WARN_EMPTY_BODY = YES;
				CLANG_WARN_ENUM_CONVERSION = YES;
				CLANG_WARN_INFINITE_RECURSION = YES;
				CLANG_WARN_INT_CONVERSION = YES;
				CLANG_WARN_NON_LITERAL_NULL_CONVERSION = YES;
				CLANG_WARN_OBJC_IMPLICIT_RETAIN_SELF = YES;
				CLANG_WARN_OBJC_LITERAL_CONVERSION = YES;
				CLANG_WARN_OBJC_ROOT_CLASS = YES_ERROR;
				CLANG_WARN_RANGE_LOOP_ANALYSIS = YES;
				CLANG_WARN_STRICT_PROTOTYPES = YES;
				CLANG_WARN_SUSPICIOUS_MOVE = YES;
				CLANG_WARN_UNGUARDED_AVAILABILITY = YES_AGGRESSIVE;
				CLANG_WARN_UNREACHABLE_CODE = YES;
				CLANG_WARN__DUPLICATE_METHOD_MATCH = YES;
				CODE_SIGN_IDENTITY = "-";
				COPY_PHASE_STRIP = NO;
				DEBUG_INFORMATION_FORMAT = dwarf;
				ENABLE_STRICT_OBJC_MSGSEND = YES;
				ENABLE_TESTABILITY = YES;
				GCC_C_LANGUAGE_STANDARD = gnu11;
				GCC_DYNAMIC_NO_PIC = NO;
				GCC_NO_COMMON_BLOCKS = YES;
				GCC_OPTIMIZATION_LEVEL = 0;
				GCC_PREPROCESSOR_DEFINITIONS = (
					"DEBUG=1",
					"$(inherited)",
				);
				GCC_WARN_64_TO_32_BIT_CONVERSION = YES;
				GCC_WARN_ABOUT_RETURN_TYPE = YES_ERROR;
				GCC_WARN_UNDECLARED_SELECTOR = YES;
				GCC_WARN_UNINITIALIZED_AUTOS = YES_AGGRESSIVE;
				GCC_WARN_UNUSED_FUNCTION = YES;
				GCC_WARN_UNUSED_VARIABLE = YES;
				MACOSX_DEPLOYMENT_TARGET = 10.14;
				MTL_ENABLE_DEBUG_INFO = INCLUDE_SOURCE;
				MTL_FAST_MATH = YES;
				ONLY_ACTIVE_ARCH = YES;
				SDKROOT = macosx;
			};
			name = Debug;
		};
		CA08A4E12312DCEC00CFE5BE /* Release */ = {
			isa = XCBuildConfiguration;
			buildSettings = {
				ALWAYS_SEARCH_USER_PATHS = NO;
				CLANG_ANALYZER_NONNULL = YES;
				CLANG_ANALYZER_NUMBER_OBJECT_CONVERSION = YES_AGGRESSIVE;
				CLANG_CXX_LANGUAGE_STANDARD = "gnu++14";
				CLANG_CXX_LIBRARY = "libc++";
				CLANG_ENABLE_MODULES = YES;
				CLANG_ENABLE_OBJC_ARC = YES;
				CLANG_ENABLE_OBJC_WEAK = YES;
				CLANG_WARN_BLOCK_CAPTURE_AUTORELEASING = YES;
				CLANG_WARN_BOOL_CONVERSION = YES;
				CLANG_WARN_COMMA = YES;
				CLANG_WARN_CONSTANT_CONVERSION = YES;
				CLANG_WARN_DEPRECATED_OBJC_IMPLEMENTATIONS = YES;
				CLANG_WARN_DIRECT_OBJC_ISA_USAGE = YES_ERROR;
				CLANG_WARN_DOCUMENTATION_COMMENTS = YES;
				CLANG_WARN_EMPTY_BODY = YES;
				CLANG_WARN_ENUM_CONVERSION = YES;
				CLANG_WARN_INFINITE_RECURSION = YES;
				CLANG_WARN_INT_CONVERSION = YES;
				CLANG_WARN_NON_LITERAL_NULL_CONVERSION = YES;
				CLANG_WARN_OBJC_IMPLICIT_RETAIN_SELF = YES;
				CLANG_WARN_OBJC_LITERAL_CONVERSION = YES;
				CLANG_WARN_OBJC_ROOT_CLASS = YES_ERROR;
				CLANG_WARN_RANGE_LOOP_ANALYSIS = YES;
				CLANG_WARN_STRICT_PROTOTYPES = YES;
				CLANG_WARN_SUSPICIOUS_MOVE = YES;
				CLANG_WARN_UNGUARDED_AVAILABILITY = YES_AGGRESSIVE;
				CLANG_WARN_UNREACHABLE_CODE = YES;
				CLANG_WARN__DUPLICATE_METHOD_MATCH = YES;
				CODE_SIGN_IDENTITY = "-";
				COPY_PHASE_STRIP = NO;
				DEBUG_INFORMATION_FORMAT = "dwarf-with-dsym";
				ENABLE_NS_ASSERTIONS = NO;
				ENABLE_STRICT_OBJC_MSGSEND = YES;
				GCC_C_LANGUAGE_STANDARD = gnu11;
				GCC_NO_COMMON_BLOCKS = YES;
				GCC_WARN_64_TO_32_BIT_CONVERSION = YES;
				GCC_WARN_ABOUT_RETURN_TYPE = YES_ERROR;
				GCC_WARN_UNDECLARED_SELECTOR = YES;
				GCC_WARN_UNINITIALIZED_AUTOS = YES_AGGRESSIVE;
				GCC_WARN_UNUSED_FUNCTION = YES;
				GCC_WARN_UNUSED_VARIABLE = YES;
				MACOSX_DEPLOYMENT_TARGET = 10.14;
				MTL_ENABLE_DEBUG_INFO = NO;
				MTL_FAST_MATH = YES;
				SDKROOT = macosx;
			};
			name = Release;
		};
		CA08A4E32312DCEC00CFE5BE /* Debug */ = {
			isa = XCBuildConfiguration;
			buildSettings = {
				CODE_SIGN_IDENTITY = "-";
				CODE_SIGN_STYLE = Automatic;
				PRODUCT_NAME = "$(TARGET_NAME)";
			};
			name = Debug;
		};
		CA08A4E42312DCEC00CFE5BE /* Release */ = {
			isa = XCBuildConfiguration;
			buildSettings = {
				CODE_SIGN_IDENTITY = "-";
				CODE_SIGN_STYLE = Automatic;
				PRODUCT_NAME = "$(TARGET_NAME)";
			};
			name = Release;
		};
/* End XCBuildConfiguration section */

/* Begin XCConfigurationList section */
		CA08A4D62312DCEC00CFE5BE /* Build configuration list for PBXProject "objc_msgsend 消息转发机制" */ = {
			isa = XCConfigurationList;
			buildConfigurations = (
				CA08A4E02312DCEC00CFE5BE /* Debug */,
				CA08A4E12312DCEC00CFE5BE /* Release */,
			);
			defaultConfigurationIsVisible = 0;
			defaultConfigurationName = Release;
		};
		CA08A4E22312DCEC00CFE5BE /* Build configuration list for PBXNativeTarget "objc_msgsend 消息转发机制" */ = {
			isa = XCConfigurationList;
			buildConfigurations = (
				CA08A4E32312DCEC00CFE5BE /* Debug */,
				CA08A4E42312DCEC00CFE5BE /* Release */,
			);
			defaultConfigurationIsVisible = 0;
			defaultConfigurationName = Release;
		};
/* End XCConfigurationList section */
	};
	rootObject = CA08A4D32312DCEC00CFE5BE /* Project object */;
}
