// !$*UTF8*$!
{
	archiveVersion = 1;
	classes = {
	};
	objectVersion = 50;
	objects = {

/* Begin PBXBuildFile section */
		CACE40BF23C5FB2B0028F058 /* AppDelegate.m in Sources */ = {isa = PBXBuildFile; fileRef = CACE40BE23C5FB2B0028F058 /* AppDelegate.m */; };
		CACE40C223C5FB2B0028F058 /* SceneDelegate.m in Sources */ = {isa = PBXBuildFile; fileRef = CACE40C123C5FB2B0028F058 /* SceneDelegate.m */; };
		CACE40C523C5FB2B0028F058 /* ViewController.m in Sources */ = {isa = PBXBuildFile; fileRef = CACE40C423C5FB2B0028F058 /* ViewController.m */; };
		CACE40C823C5FB2B0028F058 /* Main.storyboard in Resources */ = {isa = PBXBuildFile; fileRef = CACE40C623C5FB2B0028F058 /* Main.storyboard */; };
		CACE40CA23C5FB2C0028F058 /* Assets.xcassets in Resources */ = {isa = PBXBuildFile; fileRef = CACE40C923C5FB2C0028F058 /* Assets.xcassets */; };
		CACE40CD23C5FB2C0028F058 /* LaunchScreen.storyboard in Resources */ = {isa = PBXBuildFile; fileRef = CACE40CB23C5FB2C0028F058 /* LaunchScreen.storyboard */; };
		CACE40D023C5FB2C0028F058 /* main.m in Sources */ = {isa = PBXBuildFile; fileRef = CACE40CF23C5FB2C0028F058 /* main.m */; };
/* End PBXBuildFile section */

/* Begin PBXFileReference section */
		CACE40BA23C5FB2B0028F058 /* Tagged Pointer相关知识.app */ = {isa = PBXFileReference; explicitFileType = wrapper.application; includeInIndex = 0; path = "Tagged Pointer相关知识.app"; sourceTree = BUILT_PRODUCTS_DIR; };
		CACE40BD23C5FB2B0028F058 /* AppDelegate.h */ = {isa = PBXFileReference; lastKnownFileType = sourcecode.c.h; path = AppDelegate.h; sourceTree = "<group>"; };
		CACE40BE23C5FB2B0028F058 /* AppDelegate.m */ = {isa = PBXFileReference; lastKnownFileType = sourcecode.c.objc; path = AppDelegate.m; sourceTree = "<group>"; };
		CACE40C023C5FB2B0028F058 /* SceneDelegate.h */ = {isa = PBXFileReference; lastKnownFileType = sourcecode.c.h; path = SceneDelegate.h; sourceTree = "<group>"; };
		CACE40C123C5FB2B0028F058 /* SceneDelegate.m */ = {isa = PBXFileReference; lastKnownFileType = sourcecode.c.objc; path = SceneDelegate.m; sourceTree = "<group>"; };
		CACE40C323C5FB2B0028F058 /* ViewController.h */ = {isa = PBXFileReference; lastKnownFileType = sourcecode.c.h; path = ViewController.h; sourceTree = "<group>"; };
		CACE40C423C5FB2B0028F058 /* ViewController.m */ = {isa = PBXFileReference; lastKnownFileType = sourcecode.c.objc; path = ViewController.m; sourceTree = "<group>"; };
		CACE40C723C5FB2B0028F058 /* Base */ = {isa = PBXFileReference; lastKnownFileType = file.storyboard; name = Base; path = Base.lproj/Main.storyboard; sourceTree = "<group>"; };
		CACE40C923C5FB2C0028F058 /* Assets.xcassets */ = {isa = PBXFileReference; lastKnownFileType = folder.assetcatalog; path = Assets.xcassets; sourceTree = "<group>"; };
		CACE40CC23C5FB2C0028F058 /* Base */ = {isa = PBXFileReference; lastKnownFileType = file.storyboard; name = Base; path = Base.lproj/LaunchScreen.storyboard; sourceTree = "<group>"; };
		CACE40CE23C5FB2C0028F058 /* Info.plist */ = {isa = PBXFileReference; lastKnownFileType = text.plist.xml; path = Info.plist; sourceTree = "<group>"; };
		CACE40CF23C5FB2C0028F058 /* main.m */ = {isa = PBXFileReference; lastKnownFileType = sourcecode.c.objc; path = main.m; sourceTree = "<group>"; };
/* End PBXFileReference section */

/* Begin PBXFrameworksBuildPhase section */
		CACE40B723C5FB2B0028F058 /* Frameworks */ = {
			isa = PBXFrameworksBuildPhase;
			buildActionMask = 2147483647;
			files = (
			);
			runOnlyForDeploymentPostprocessing = 0;
		};
/* End PBXFrameworksBuildPhase section */

/* Begin PBXGroup section */
		CACE40B123C5FB2B0028F058 = {
			isa = PBXGroup;
			children = (
				CACE40BC23C5FB2B0028F058 /* Tagged Pointer相关知识 */,
				CACE40BB23C5FB2B0028F058 /* Products */,
			);
			sourceTree = "<group>";
		};
		CACE40BB23C5FB2B0028F058 /* Products */ = {
			isa = PBXGroup;
			children = (
				CACE40BA23C5FB2B0028F058 /* Tagged Pointer相关知识.app */,
			);
			name = Products;
			sourceTree = "<group>";
		};
		CACE40BC23C5FB2B0028F058 /* Tagged Pointer相关知识 */ = {
			isa = PBXGroup;
			children = (
				CACE40BD23C5FB2B0028F058 /* AppDelegate.h */,
				CACE40BE23C5FB2B0028F058 /* AppDelegate.m */,
				CACE40C023C5FB2B0028F058 /* SceneDelegate.h */,
				CACE40C123C5FB2B0028F058 /* SceneDelegate.m */,
				CACE40C323C5FB2B0028F058 /* ViewController.h */,
				CACE40C423C5FB2B0028F058 /* ViewController.m */,
				CACE40C623C5FB2B0028F058 /* Main.storyboard */,
				CACE40C923C5FB2C0028F058 /* Assets.xcassets */,
				CACE40CB23C5FB2C0028F058 /* LaunchScreen.storyboard */,
				CACE40CE23C5FB2C0028F058 /* Info.plist */,
				CACE40CF23C5FB2C0028F058 /* main.m */,
			);
			path = "Tagged Pointer相关知识";
			sourceTree = "<group>";
		};
/* End PBXGroup section */

/* Begin PBXNativeTarget section */
		CACE40B923C5FB2B0028F058 /* Tagged Pointer相关知识 */ = {
			isa = PBXNativeTarget;
			buildConfigurationList = CACE40D323C5FB2C0028F058 /* Build configuration list for PBXNativeTarget "Tagged Pointer相关知识" */;
			buildPhases = (
				CACE40B623C5FB2B0028F058 /* Sources */,
				CACE40B723C5FB2B0028F058 /* Frameworks */,
				CACE40B823C5FB2B0028F058 /* Resources */,
			);
			buildRules = (
			);
			dependencies = (
			);
			name = "Tagged Pointer相关知识";
			productName = "Tagged Pointer相关知识";
			productReference = CACE40BA23C5FB2B0028F058 /* Tagged Pointer相关知识.app */;
			productType = "com.apple.product-type.application";
		};
/* End PBXNativeTarget section */

/* Begin PBXProject section */
		CACE40B223C5FB2B0028F058 /* Project object */ = {
			isa = PBXProject;
			attributes = {
				LastUpgradeCheck = 1130;
				ORGANIZATIONNAME = CXTretar;
				TargetAttributes = {
					CACE40B923C5FB2B0028F058 = {
						CreatedOnToolsVersion = 11.3;
					};
				};
			};
			buildConfigurationList = CACE40B523C5FB2B0028F058 /* Build configuration list for PBXProject "Tagged Pointer相关知识" */;
			compatibilityVersion = "Xcode 9.3";
			developmentRegion = en;
			hasScannedForEncodings = 0;
			knownRegions = (
				en,
				Base,
			);
			mainGroup = CACE40B123C5FB2B0028F058;
			productRefGroup = CACE40BB23C5FB2B0028F058 /* Products */;
			projectDirPath = "";
			projectRoot = "";
			targets = (
				CACE40B923C5FB2B0028F058 /* Tagged Pointer相关知识 */,
			);
		};
/* End PBXProject section */

/* Begin PBXResourcesBuildPhase section */
		CACE40B823C5FB2B0028F058 /* Resources */ = {
			isa = PBXResourcesBuildPhase;
			buildActionMask = 2147483647;
			files = (
				CACE40CD23C5FB2C0028F058 /* LaunchScreen.storyboard in Resources */,
				CACE40CA23C5FB2C0028F058 /* Assets.xcassets in Resources */,
				CACE40C823C5FB2B0028F058 /* Main.storyboard in Resources */,
			);
			runOnlyForDeploymentPostprocessing = 0;
		};
/* End PBXResourcesBuildPhase section */

/* Begin PBXSourcesBuildPhase section */
		CACE40B623C5FB2B0028F058 /* Sources */ = {
			isa = PBXSourcesBuildPhase;
			buildActionMask = 2147483647;
			files = (
				CACE40C523C5FB2B0028F058 /* ViewController.m in Sources */,
				CACE40BF23C5FB2B0028F058 /* AppDelegate.m in Sources */,
				CACE40D023C5FB2C0028F058 /* main.m in Sources */,
				CACE40C223C5FB2B0028F058 /* SceneDelegate.m in Sources */,
			);
			runOnlyForDeploymentPostprocessing = 0;
		};
/* End PBXSourcesBuildPhase section */

/* Begin PBXVariantGroup section */
		CACE40C623C5FB2B0028F058 /* Main.storyboard */ = {
			isa = PBXVariantGroup;
			children = (
				CACE40C723C5FB2B0028F058 /* Base */,
			);
			name = Main.storyboard;
			sourceTree = "<group>";
		};
		CACE40CB23C5FB2C0028F058 /* LaunchScreen.storyboard */ = {
			isa = PBXVariantGroup;
			children = (
				CACE40CC23C5FB2C0028F058 /* Base */,
			);
			name = LaunchScreen.storyboard;
			sourceTree = "<group>";
		};
/* End PBXVariantGroup section */

/* Begin XCBuildConfiguration section */
		CACE40D123C5FB2C0028F058 /* Debug */ = {
			isa = XCBuildConfiguration;
			buildSettings = {
				ALWAYS_SEARCH_USER_PATHS = NO;
				CLANG_ANALYZER_NONNULL = YES;
				CLANG_ANALYZER_NUMBER_OBJECT_CONVERSION = YES_AGGRESSIVE;
				CLANG_CXX_LANGUAGE_STANDARD = "gnu++14";
				CLANG_CXX_LIBRARY = "libc++";
				CLANG_ENABLE_MODULES = YES;
				CLANG_ENABLE_OBJC_ARC = YES;
				CLANG_ENABLE_OBJC_WEAK = YES;
				CLANG_WARN_BLOCK_CAPTURE_AUTORELEASING = YES;
				CLANG_WARN_BOOL_CONVERSION = YES;
				CLANG_WARN_COMMA = YES;
				CLANG_WARN_CONSTANT_CONVERSION = YES;
				CLANG_WARN_DEPRECATED_OBJC_IMPLEMENTATIONS = YES;
				CLANG_WARN_DIRECT_OBJC_ISA_USAGE = YES_ERROR;
				CLANG_WARN_DOCUMENTATION_COMMENTS = YES;
				CLANG_WARN_EMPTY_BODY = YES;
				CLANG_WARN_ENUM_CONVERSION = YES;
				CLANG_WARN_INFINITE_RECURSION = YES;
				CLANG_WARN_INT_CONVERSION = YES;
				CLANG_WARN_NON_LITERAL_NULL_CONVERSION = YES;
				CLANG_WARN_OBJC_IMPLICIT_RETAIN_SELF = YES;
				CLANG_WARN_OBJC_LITERAL_CONVERSION = YES;
				CLANG_WARN_OBJC_ROOT_CLASS = YES_ERROR;
				CLANG_WARN_RANGE_LOOP_ANALYSIS = YES;
				CLANG_WARN_STRICT_PROTOTYPES = YES;
				CLANG_WARN_SUSPICIOUS_MOVE = YES;
				CLANG_WARN_UNGUARDED_AVAILABILITY = YES_AGGRESSIVE;
				CLANG_WARN_UNREACHABLE_CODE = YES;
				CLANG_WARN__DUPLICATE_METHOD_MATCH = YES;
				COPY_PHASE_STRIP = NO;
				DEBUG_INFORMATION_FORMAT = dwarf;
				ENABLE_STRICT_OBJC_MSGSEND = YES;
				ENABLE_TESTABILITY = YES;
				GCC_C_LANGUAGE_STANDARD = gnu11;
				GCC_DYNAMIC_NO_PIC = NO;
				GCC_NO_COMMON_BLOCKS = YES;
				GCC_OPTIMIZATION_LEVEL = 0;
				GCC_PREPROCESSOR_DEFINITIONS = (
					"DEBUG=1",
					"$(inherited)",
				);
				GCC_WARN_64_TO_32_BIT_CONVERSION = YES;
				GCC_WARN_ABOUT_RETURN_TYPE = YES_ERROR;
				GCC_WARN_UNDECLARED_SELECTOR = YES;
				GCC_WARN_UNINITIALIZED_AUTOS = YES_AGGRESSIVE;
				GCC_WARN_UNUSED_FUNCTION = YES;
				GCC_WARN_UNUSED_VARIABLE = YES;
				IPHONEOS_DEPLOYMENT_TARGET = 13.2;
				MTL_ENABLE_DEBUG_INFO = INCLUDE_SOURCE;
				MTL_FAST_MATH = YES;
				ONLY_ACTIVE_ARCH = YES;
				SDKROOT = iphoneos;
			};
			name = Debug;
		};
		CACE40D223C5FB2C0028F058 /* Release */ = {
			isa = XCBuildConfiguration;
			buildSettings = {
				ALWAYS_SEARCH_USER_PATHS = NO;
				CLANG_ANALYZER_NONNULL = YES;
				CLANG_ANALYZER_NUMBER_OBJECT_CONVERSION = YES_AGGRESSIVE;
				CLANG_CXX_LANGUAGE_STANDARD = "gnu++14";
				CLANG_CXX_LIBRARY = "libc++";
				CLANG_ENABLE_MODULES = YES;
				CLANG_ENABLE_OBJC_ARC = YES;
				CLANG_ENABLE_OBJC_WEAK = YES;
				CLANG_WARN_BLOCK_CAPTURE_AUTORELEASING = YES;
				CLANG_WARN_BOOL_CONVERSION = YES;
				CLANG_WARN_COMMA = YES;
				CLANG_WARN_CONSTANT_CONVERSION = YES;
				CLANG_WARN_DEPRECATED_OBJC_IMPLEMENTATIONS = YES;
				CLANG_WARN_DIRECT_OBJC_ISA_USAGE = YES_ERROR;
				CLANG_WARN_DOCUMENTATION_COMMENTS = YES;
				CLANG_WARN_EMPTY_BODY = YES;
				CLANG_WARN_ENUM_CONVERSION = YES;
				CLANG_WARN_INFINITE_RECURSION = YES;
				CLANG_WARN_INT_CONVERSION = YES;
				CLANG_WARN_NON_LITERAL_NULL_CONVERSION = YES;
				CLANG_WARN_OBJC_IMPLICIT_RETAIN_SELF = YES;
				CLANG_WARN_OBJC_LITERAL_CONVERSION = YES;
				CLANG_WARN_OBJC_ROOT_CLASS = YES_ERROR;
				CLANG_WARN_RANGE_LOOP_ANALYSIS = YES;
				CLANG_WARN_STRICT_PROTOTYPES = YES;
				CLANG_WARN_SUSPICIOUS_MOVE = YES;
				CLANG_WARN_UNGUARDED_AVAILABILITY = YES_AGGRESSIVE;
				CLANG_WARN_UNREACHABLE_CODE = YES;
				CLANG_WARN__DUPLICATE_METHOD_MATCH = YES;
				COPY_PHASE_STRIP = NO;
				DEBUG_INFORMATION_FORMAT = "dwarf-with-dsym";
				ENABLE_NS_ASSERTIONS = NO;
				ENABLE_STRICT_OBJC_MSGSEND = YES;
				GCC_C_LANGUAGE_STANDARD = gnu11;
				GCC_NO_COMMON_BLOCKS = YES;
				GCC_WARN_64_TO_32_BIT_CONVERSION = YES;
				GCC_WARN_ABOUT_RETURN_TYPE = YES_ERROR;
				GCC_WARN_UNDECLARED_SELECTOR = YES;
				GCC_WARN_UNINITIALIZED_AUTOS = YES_AGGRESSIVE;
				GCC_WARN_UNUSED_FUNCTION = YES;
				GCC_WARN_UNUSED_VARIABLE = YES;
				IPHONEOS_DEPLOYMENT_TARGET = 13.2;
				MTL_ENABLE_DEBUG_INFO = NO;
				MTL_FAST_MATH = YES;
				SDKROOT = iphoneos;
				VALIDATE_PRODUCT = YES;
			};
			name = Release;
		};
		CACE40D423C5FB2C0028F058 /* Debug */ = {
			isa = XCBuildConfiguration;
			buildSettings = {
				ASSETCATALOG_COMPILER_APPICON_NAME = AppIcon;
				CODE_SIGN_STYLE = Automatic;
				INFOPLIST_FILE = "Tagged Pointer相关知识/Info.plist";
				LD_RUNPATH_SEARCH_PATHS = (
					"$(inherited)",
					"@executable_path/Frameworks",
				);
				PRODUCT_BUNDLE_IDENTIFIER = "com.CXTretar.Tagged-Pointer----";
				PRODUCT_NAME = "$(TARGET_NAME)";
				TARGETED_DEVICE_FAMILY = "1,2";
			};
			name = Debug;
		};
		CACE40D523C5FB2C0028F058 /* Release */ = {
			isa = XCBuildConfiguration;
			buildSettings = {
				ASSETCATALOG_COMPILER_APPICON_NAME = AppIcon;
				CODE_SIGN_STYLE = Automatic;
				INFOPLIST_FILE = "Tagged Pointer相关知识/Info.plist";
				LD_RUNPATH_SEARCH_PATHS = (
					"$(inherited)",
					"@executable_path/Frameworks",
				);
				PRODUCT_BUNDLE_IDENTIFIER = "com.CXTretar.Tagged-Pointer----";
				PRODUCT_NAME = "$(TARGET_NAME)";
				TARGETED_DEVICE_FAMILY = "1,2";
			};
			name = Release;
		};
/* End XCBuildConfiguration section */

/* Begin XCConfigurationList section */
		CACE40B523C5FB2B0028F058 /* Build configuration list for PBXProject "Tagged Pointer相关知识" */ = {
			isa = XCConfigurationList;
			buildConfigurations = (
				CACE40D123C5FB2C0028F058 /* Debug */,
				CACE40D223C5FB2C0028F058 /* Release */,
			);
			defaultConfigurationIsVisible = 0;
			defaultConfigurationName = Release;
		};
		CACE40D323C5FB2C0028F058 /* Build configuration list for PBXNativeTarget "Tagged Pointer相关知识" */ = {
			isa = XCConfigurationList;
			buildConfigurations = (
				CACE40D423C5FB2C0028F058 /* Debug */,
				CACE40D523C5FB2C0028F058 /* Release */,
			);
			defaultConfigurationIsVisible = 0;
			defaultConfigurationName = Release;
		};
/* End XCConfigurationList section */
	};
	rootObject = CACE40B223C5FB2B0028F058 /* Project object */;
}
