// !$*UTF8*$!
{
	archiveVersion = 1;
	classes = {
	};
	objectVersion = 50;
	objects = {

/* Begin PBXBuildFile section */
		CAE29DE423254DDF00AA06B9 /* AppDelegate.m in Sources */ = {isa = PBXBuildFile; fileRef = CAE29DE323254DDF00AA06B9 /* AppDelegate.m */; };
		CAE29DE723254DDF00AA06B9 /* ViewController.m in Sources */ = {isa = PBXBuildFile; fileRef = CAE29DE623254DDF00AA06B9 /* ViewController.m */; };
		CAE29DEA23254DDF00AA06B9 /* Main.storyboard in Resources */ = {isa = PBXBuildFile; fileRef = CAE29DE823254DDF00AA06B9 /* Main.storyboard */; };
		CAE29DEC23254DDF00AA06B9 /* Assets.xcassets in Resources */ = {isa = PBXBuildFile; fileRef = CAE29DEB23254DDF00AA06B9 /* Assets.xcassets */; };
		CAE29DEF23254DDF00AA06B9 /* LaunchScreen.storyboard in Resources */ = {isa = PBXBuildFile; fileRef = CAE29DED23254DDF00AA06B9 /* LaunchScreen.storyboard */; };
		CAE29DF223254DDF00AA06B9 /* main.m in Sources */ = {isa = PBXBuildFile; fileRef = CAE29DF123254DDF00AA06B9 /* main.m */; };
		CAE29DFD23254F8300AA06B9 /* Person.m in Sources */ = {isa = PBXBuildFile; fileRef = CAE29DFC23254F8300AA06B9 /* Person.m */; };
/* End PBXBuildFile section */

/* Begin PBXFileReference section */
		CA4171302459108A00C89869 /* NSKVONotifying_Person.h */ = {isa = PBXFileReference; lastKnownFileType = sourcecode.c.h; path = NSKVONotifying_Person.h; sourceTree = "<group>"; };
		CA4171312459108A00C89869 /* NSKVONotifying_Person.m */ = {isa = PBXFileReference; lastKnownFileType = sourcecode.c.objc; path = NSKVONotifying_Person.m; sourceTree = "<group>"; };
		CAE29DDF23254DDF00AA06B9 /* KVO Demo.app */ = {isa = PBXFileReference; explicitFileType = wrapper.application; includeInIndex = 0; path = "KVO Demo.app"; sourceTree = BUILT_PRODUCTS_DIR; };
		CAE29DE223254DDF00AA06B9 /* AppDelegate.h */ = {isa = PBXFileReference; lastKnownFileType = sourcecode.c.h; path = AppDelegate.h; sourceTree = "<group>"; };
		CAE29DE323254DDF00AA06B9 /* AppDelegate.m */ = {isa = PBXFileReference; lastKnownFileType = sourcecode.c.objc; path = AppDelegate.m; sourceTree = "<group>"; };
		CAE29DE523254DDF00AA06B9 /* ViewController.h */ = {isa = PBXFileReference; lastKnownFileType = sourcecode.c.h; path = ViewController.h; sourceTree = "<group>"; };
		CAE29DE623254DDF00AA06B9 /* ViewController.m */ = {isa = PBXFileReference; lastKnownFileType = sourcecode.c.objc; path = ViewController.m; sourceTree = "<group>"; };
		CAE29DE923254DDF00AA06B9 /* Base */ = {isa = PBXFileReference; lastKnownFileType = file.storyboard; name = Base; path = Base.lproj/Main.storyboard; sourceTree = "<group>"; };
		CAE29DEB23254DDF00AA06B9 /* Assets.xcassets */ = {isa = PBXFileReference; lastKnownFileType = folder.assetcatalog; path = Assets.xcassets; sourceTree = "<group>"; };
		CAE29DEE23254DDF00AA06B9 /* Base */ = {isa = PBXFileReference; lastKnownFileType = file.storyboard; name = Base; path = Base.lproj/LaunchScreen.storyboard; sourceTree = "<group>"; };
		CAE29DF023254DDF00AA06B9 /* Info.plist */ = {isa = PBXFileReference; lastKnownFileType = text.plist.xml; path = Info.plist; sourceTree = "<group>"; };
		CAE29DF123254DDF00AA06B9 /* main.m */ = {isa = PBXFileReference; lastKnownFileType = sourcecode.c.objc; path = main.m; sourceTree = "<group>"; };
		CAE29DFB23254F8300AA06B9 /* Person.h */ = {isa = PBXFileReference; lastKnownFileType = sourcecode.c.h; path = Person.h; sourceTree = "<group>"; };
		CAE29DFC23254F8300AA06B9 /* Person.m */ = {isa = PBXFileReference; lastKnownFileType = sourcecode.c.objc; path = Person.m; sourceTree = "<group>"; };
/* End PBXFileReference section */

/* Begin PBXFrameworksBuildPhase section */
		CAE29DDC23254DDF00AA06B9 /* Frameworks */ = {
			isa = PBXFrameworksBuildPhase;
			buildActionMask = 2147483647;
			files = (
			);
			runOnlyForDeploymentPostprocessing = 0;
		};
/* End PBXFrameworksBuildPhase section */

/* Begin PBXGroup section */
		CAE29DD623254DDF00AA06B9 = {
			isa = PBXGroup;
			children = (
				CAE29DE123254DDF00AA06B9 /* KVO Demo */,
				CAE29DE023254DDF00AA06B9 /* Products */,
			);
			sourceTree = "<group>";
		};
		CAE29DE023254DDF00AA06B9 /* Products */ = {
			isa = PBXGroup;
			children = (
				CAE29DDF23254DDF00AA06B9 /* KVO Demo.app */,
			);
			name = Products;
			sourceTree = "<group>";
		};
		CAE29DE123254DDF00AA06B9 /* KVO Demo */ = {
			isa = PBXGroup;
			children = (
				CAE29DE223254DDF00AA06B9 /* AppDelegate.h */,
				CAE29DE323254DDF00AA06B9 /* AppDelegate.m */,
				CAE29DE523254DDF00AA06B9 /* ViewController.h */,
				CAE29DE623254DDF00AA06B9 /* ViewController.m */,
				CAE29DFB23254F8300AA06B9 /* Person.h */,
				CAE29DFC23254F8300AA06B9 /* Person.m */,
				CA4171302459108A00C89869 /* NSKVONotifying_Person.h */,
				CA4171312459108A00C89869 /* NSKVONotifying_Person.m */,
				CAE29DE823254DDF00AA06B9 /* Main.storyboard */,
				CAE29DEB23254DDF00AA06B9 /* Assets.xcassets */,
				CAE29DED23254DDF00AA06B9 /* LaunchScreen.storyboard */,
				CAE29DF023254DDF00AA06B9 /* Info.plist */,
				CAE29DF123254DDF00AA06B9 /* main.m */,
			);
			path = "KVO Demo";
			sourceTree = "<group>";
		};
/* End PBXGroup section */

/* Begin PBXNativeTarget section */
		CAE29DDE23254DDF00AA06B9 /* KVO Demo */ = {
			isa = PBXNativeTarget;
			buildConfigurationList = CAE29DF523254DDF00AA06B9 /* Build configuration list for PBXNativeTarget "KVO Demo" */;
			buildPhases = (
				CAE29DDB23254DDF00AA06B9 /* Sources */,
				CAE29DDC23254DDF00AA06B9 /* Frameworks */,
				CAE29DDD23254DDF00AA06B9 /* Resources */,
			);
			buildRules = (
			);
			dependencies = (
			);
			name = "KVO Demo";
			productName = "KVO Demo";
			productReference = CAE29DDF23254DDF00AA06B9 /* KVO Demo.app */;
			productType = "com.apple.product-type.application";
		};
/* End PBXNativeTarget section */

/* Begin PBXProject section */
		CAE29DD723254DDF00AA06B9 /* Project object */ = {
			isa = PBXProject;
			attributes = {
				LastUpgradeCheck = 1030;
				ORGANIZATIONNAME = CXTretar;
				TargetAttributes = {
					CAE29DDE23254DDF00AA06B9 = {
						CreatedOnToolsVersion = 10.3;
					};
				};
			};
			buildConfigurationList = CAE29DDA23254DDF00AA06B9 /* Build configuration list for PBXProject "KVO Demo" */;
			compatibilityVersion = "Xcode 9.3";
			developmentRegion = en;
			hasScannedForEncodings = 0;
			knownRegions = (
				en,
				Base,
			);
			mainGroup = CAE29DD623254DDF00AA06B9;
			productRefGroup = CAE29DE023254DDF00AA06B9 /* Products */;
			projectDirPath = "";
			projectRoot = "";
			targets = (
				CAE29DDE23254DDF00AA06B9 /* KVO Demo */,
			);
		};
/* End PBXProject section */

/* Begin PBXResourcesBuildPhase section */
		CAE29DDD23254DDF00AA06B9 /* Resources */ = {
			isa = PBXResourcesBuildPhase;
			buildActionMask = 2147483647;
			files = (
				CAE29DEF23254DDF00AA06B9 /* LaunchScreen.storyboard in Resources */,
				CAE29DEC23254DDF00AA06B9 /* Assets.xcassets in Resources */,
				CAE29DEA23254DDF00AA06B9 /* Main.storyboard in Resources */,
			);
			runOnlyForDeploymentPostprocessing = 0;
		};
/* End PBXResourcesBuildPhase section */

/* Begin PBXSourcesBuildPhase section */
		CAE29DDB23254DDF00AA06B9 /* Sources */ = {
			isa = PBXSourcesBuildPhase;
			buildActionMask = 2147483647;
			files = (
				CAE29DE723254DDF00AA06B9 /* ViewController.m in Sources */,
				CAE29DF223254DDF00AA06B9 /* main.m in Sources */,
				CAE29DFD23254F8300AA06B9 /* Person.m in Sources */,
				CAE29DE423254DDF00AA06B9 /* AppDelegate.m in Sources */,
			);
			runOnlyForDeploymentPostprocessing = 0;
		};
/* End PBXSourcesBuildPhase section */

/* Begin PBXVariantGroup section */
		CAE29DE823254DDF00AA06B9 /* Main.storyboard */ = {
			isa = PBXVariantGroup;
			children = (
				CAE29DE923254DDF00AA06B9 /* Base */,
			);
			name = Main.storyboard;
			sourceTree = "<group>";
		};
		CAE29DED23254DDF00AA06B9 /* LaunchScreen.storyboard */ = {
			isa = PBXVariantGroup;
			children = (
				CAE29DEE23254DDF00AA06B9 /* Base */,
			);
			name = LaunchScreen.storyboard;
			sourceTree = "<group>";
		};
/* End PBXVariantGroup section */

/* Begin XCBuildConfiguration section */
		CAE29DF323254DDF00AA06B9 /* Debug */ = {
			isa = XCBuildConfiguration;
			buildSettings = {
				ALWAYS_SEARCH_USER_PATHS = NO;
				CLANG_ANALYZER_NONNULL = YES;
				CLANG_ANALYZER_NUMBER_OBJECT_CONVERSION = YES_AGGRESSIVE;
				CLANG_CXX_LANGUAGE_STANDARD = "gnu++14";
				CLANG_CXX_LIBRARY = "libc++";
				CLANG_ENABLE_MODULES = YES;
				CLANG_ENABLE_OBJC_ARC = YES;
				CLANG_ENABLE_OBJC_WEAK = YES;
				CLANG_WARN_BLOCK_CAPTURE_AUTORELEASING = YES;
				CLANG_WARN_BOOL_CONVERSION = YES;
				CLANG_WARN_COMMA = YES;
				CLANG_WARN_CONSTANT_CONVERSION = YES;
				CLANG_WARN_DEPRECATED_OBJC_IMPLEMENTATIONS = YES;
				CLANG_WARN_DIRECT_OBJC_ISA_USAGE = YES_ERROR;
				CLANG_WARN_DOCUMENTATION_COMMENTS = YES;
				CLANG_WARN_EMPTY_BODY = YES;
				CLANG_WARN_ENUM_CONVERSION = YES;
				CLANG_WARN_INFINITE_RECURSION = YES;
				CLANG_WARN_INT_CONVERSION = YES;
				CLANG_WARN_NON_LITERAL_NULL_CONVERSION = YES;
				CLANG_WARN_OBJC_IMPLICIT_RETAIN_SELF = YES;
				CLANG_WARN_OBJC_LITERAL_CONVERSION = YES;
				CLANG_WARN_OBJC_ROOT_CLASS = YES_ERROR;
				CLANG_WARN_RANGE_LOOP_ANALYSIS = YES;
				CLANG_WARN_STRICT_PROTOTYPES = YES;
				CLANG_WARN_SUSPICIOUS_MOVE = YES;
				CLANG_WARN_UNGUARDED_AVAILABILITY = YES_AGGRESSIVE;
				CLANG_WARN_UNREACHABLE_CODE = YES;
				CLANG_WARN__DUPLICATE_METHOD_MATCH = YES;
				CODE_SIGN_IDENTITY = "iPhone Developer";
				COPY_PHASE_STRIP = NO;
				DEBUG_INFORMATION_FORMAT = dwarf;
				ENABLE_STRICT_OBJC_MSGSEND = YES;
				ENABLE_TESTABILITY = YES;
				GCC_C_LANGUAGE_STANDARD = gnu11;
				GCC_DYNAMIC_NO_PIC = NO;
				GCC_NO_COMMON_BLOCKS = YES;
				GCC_OPTIMIZATION_LEVEL = 0;
				GCC_PREPROCESSOR_DEFINITIONS = (
					"DEBUG=1",
					"$(inherited)",
				);
				GCC_WARN_64_TO_32_BIT_CONVERSION = YES;
				GCC_WARN_ABOUT_RETURN_TYPE = YES_ERROR;
				GCC_WARN_UNDECLARED_SELECTOR = YES;
				GCC_WARN_UNINITIALIZED_AUTOS = YES_AGGRESSIVE;
				GCC_WARN_UNUSED_FUNCTION = YES;
				GCC_WARN_UNUSED_VARIABLE = YES;
				IPHONEOS_DEPLOYMENT_TARGET = 12.4;
				MTL_ENABLE_DEBUG_INFO = INCLUDE_SOURCE;
				MTL_FAST_MATH = YES;
				ONLY_ACTIVE_ARCH = YES;
				SDKROOT = iphoneos;
			};
			name = Debug;
		};
		CAE29DF423254DDF00AA06B9 /* Release */ = {
			isa = XCBuildConfiguration;
			buildSettings = {
				ALWAYS_SEARCH_USER_PATHS = NO;
				CLANG_ANALYZER_NONNULL = YES;
				CLANG_ANALYZER_NUMBER_OBJECT_CONVERSION = YES_AGGRESSIVE;
				CLANG_CXX_LANGUAGE_STANDARD = "gnu++14";
				CLANG_CXX_LIBRARY = "libc++";
				CLANG_ENABLE_MODULES = YES;
				CLANG_ENABLE_OBJC_ARC = YES;
				CLANG_ENABLE_OBJC_WEAK = YES;
				CLANG_WARN_BLOCK_CAPTURE_AUTORELEASING = YES;
				CLANG_WARN_BOOL_CONVERSION = YES;
				CLANG_WARN_COMMA = YES;
				CLANG_WARN_CONSTANT_CONVERSION = YES;
				CLANG_WARN_DEPRECATED_OBJC_IMPLEMENTATIONS = YES;
				CLANG_WARN_DIRECT_OBJC_ISA_USAGE = YES_ERROR;
				CLANG_WARN_DOCUMENTATION_COMMENTS = YES;
				CLANG_WARN_EMPTY_BODY = YES;
				CLANG_WARN_ENUM_CONVERSION = YES;
				CLANG_WARN_INFINITE_RECURSION = YES;
				CLANG_WARN_INT_CONVERSION = YES;
				CLANG_WARN_NON_LITERAL_NULL_CONVERSION = YES;
				CLANG_WARN_OBJC_IMPLICIT_RETAIN_SELF = YES;
				CLANG_WARN_OBJC_LITERAL_CONVERSION = YES;
				CLANG_WARN_OBJC_ROOT_CLASS = YES_ERROR;
				CLANG_WARN_RANGE_LOOP_ANALYSIS = YES;
				CLANG_WARN_STRICT_PROTOTYPES = YES;
				CLANG_WARN_SUSPICIOUS_MOVE = YES;
				CLANG_WARN_UNGUARDED_AVAILABILITY = YES_AGGRESSIVE;
				CLANG_WARN_UNREACHABLE_CODE = YES;
				CLANG_WARN__DUPLICATE_METHOD_MATCH = YES;
				CODE_SIGN_IDENTITY = "iPhone Developer";
				COPY_PHASE_STRIP = NO;
				DEBUG_INFORMATION_FORMAT = "dwarf-with-dsym";
				ENABLE_NS_ASSERTIONS = NO;
				ENABLE_STRICT_OBJC_MSGSEND = YES;
				GCC_C_LANGUAGE_STANDARD = gnu11;
				GCC_NO_COMMON_BLOCKS = YES;
				GCC_WARN_64_TO_32_BIT_CONVERSION = YES;
				GCC_WARN_ABOUT_RETURN_TYPE = YES_ERROR;
				GCC_WARN_UNDECLARED_SELECTOR = YES;
				GCC_WARN_UNINITIALIZED_AUTOS = YES_AGGRESSIVE;
				GCC_WARN_UNUSED_FUNCTION = YES;
				GCC_WARN_UNUSED_VARIABLE = YES;
				IPHONEOS_DEPLOYMENT_TARGET = 12.4;
				MTL_ENABLE_DEBUG_INFO = NO;
				MTL_FAST_MATH = YES;
				SDKROOT = iphoneos;
				VALIDATE_PRODUCT = YES;
			};
			name = Release;
		};
		CAE29DF623254DDF00AA06B9 /* Debug */ = {
			isa = XCBuildConfiguration;
			buildSettings = {
				ASSETCATALOG_COMPILER_APPICON_NAME = AppIcon;
				CODE_SIGN_STYLE = Automatic;
				INFOPLIST_FILE = "KVO Demo/Info.plist";
				LD_RUNPATH_SEARCH_PATHS = (
					"$(inherited)",
					"@executable_path/Frameworks",
				);
				PRODUCT_BUNDLE_IDENTIFIER = "com.CXTretar.KVO-Demo";
				PRODUCT_NAME = "$(TARGET_NAME)";
				TARGETED_DEVICE_FAMILY = "1,2";
			};
			name = Debug;
		};
		CAE29DF723254DDF00AA06B9 /* Release */ = {
			isa = XCBuildConfiguration;
			buildSettings = {
				ASSETCATALOG_COMPILER_APPICON_NAME = AppIcon;
				CODE_SIGN_STYLE = Automatic;
				INFOPLIST_FILE = "KVO Demo/Info.plist";
				LD_RUNPATH_SEARCH_PATHS = (
					"$(inherited)",
					"@executable_path/Frameworks",
				);
				PRODUCT_BUNDLE_IDENTIFIER = "com.CXTretar.KVO-Demo";
				PRODUCT_NAME = "$(TARGET_NAME)";
				TARGETED_DEVICE_FAMILY = "1,2";
			};
			name = Release;
		};
/* End XCBuildConfiguration section */

/* Begin XCConfigurationList section */
		CAE29DDA23254DDF00AA06B9 /* Build configuration list for PBXProject "KVO Demo" */ = {
			isa = XCConfigurationList;
			buildConfigurations = (
				CAE29DF323254DDF00AA06B9 /* Debug */,
				CAE29DF423254DDF00AA06B9 /* Release */,
			);
			defaultConfigurationIsVisible = 0;
			defaultConfigurationName = Release;
		};
		CAE29DF523254DDF00AA06B9 /* Build configuration list for PBXNativeTarget "KVO Demo" */ = {
			isa = XCConfigurationList;
			buildConfigurations = (
				CAE29DF623254DDF00AA06B9 /* Debug */,
				CAE29DF723254DDF00AA06B9 /* Release */,
			);
			defaultConfigurationIsVisible = 0;
			defaultConfigurationName = Release;
		};
/* End XCConfigurationList section */
	};
	rootObject = CAE29DD723254DDF00AA06B9 /* Project object */;
}
