// !$*UTF8*$!
{
	archiveVersion = 1;
	classes = {
	};
	objectVersion = 50;
	objects = {

/* Begin PBXBuildFile section */
		CA55E0B62410EAE600FD4C5C /* Person+Test2.m in Sources */ = {isa = PBXBuildFile; fileRef = CA55E0B52410EAE600FD4C5C /* Person+Test2.m */; };
		CAC6D87A2371DA2C00FF4BEC /* main.m in Sources */ = {isa = PBXBuildFile; fileRef = CAC6D8792371DA2C00FF4BEC /* main.m */; };
		CAC6D8822371DA5E00FF4BEC /* Person.m in Sources */ = {isa = PBXBuildFile; fileRef = CAC6D8812371DA5E00FF4BEC /* Person.m */; };
		CAC6D8852371DC6A00FF4BEC /* Person+Test.m in Sources */ = {isa = PBXBuildFile; fileRef = CAC6D8842371DC6A00FF4BEC /* Person+Test.m */; };
/* End PBXBuildFile section */

/* Begin PBXCopyFilesBuildPhase section */
		CAC6D8742371DA2C00FF4BEC /* CopyFiles */ = {
			isa = PBXCopyFilesBuildPhase;
			buildActionMask = 2147483647;
			dstPath = /usr/share/man/man1/;
			dstSubfolderSpec = 0;
			files = (
			);
			runOnlyForDeploymentPostprocessing = 1;
		};
/* End PBXCopyFilesBuildPhase section */

/* Begin PBXFileReference section */
		CA55E0B42410EAE600FD4C5C /* Person+Test2.h */ = {isa = PBXFileReference; lastKnownFileType = sourcecode.c.h; path = "Person+Test2.h"; sourceTree = "<group>"; };
		CA55E0B52410EAE600FD4C5C /* Person+Test2.m */ = {isa = PBXFileReference; lastKnownFileType = sourcecode.c.objc; path = "Person+Test2.m"; sourceTree = "<group>"; };
		CAC6D8762371DA2C00FF4BEC /* 关联对象 */ = {isa = PBXFileReference; explicitFileType = "compiled.mach-o.executable"; includeInIndex = 0; path = "关联对象"; sourceTree = BUILT_PRODUCTS_DIR; };
		CAC6D8792371DA2C00FF4BEC /* main.m */ = {isa = PBXFileReference; lastKnownFileType = sourcecode.c.objc; path = main.m; sourceTree = "<group>"; };
		CAC6D8802371DA5E00FF4BEC /* Person.h */ = {isa = PBXFileReference; lastKnownFileType = sourcecode.c.h; path = Person.h; sourceTree = "<group>"; };
		CAC6D8812371DA5E00FF4BEC /* Person.m */ = {isa = PBXFileReference; lastKnownFileType = sourcecode.c.objc; path = Person.m; sourceTree = "<group>"; };
		CAC6D8832371DC6A00FF4BEC /* Person+Test.h */ = {isa = PBXFileReference; lastKnownFileType = sourcecode.c.h; path = "Person+Test.h"; sourceTree = "<group>"; };
		CAC6D8842371DC6A00FF4BEC /* Person+Test.m */ = {isa = PBXFileReference; lastKnownFileType = sourcecode.c.objc; path = "Person+Test.m"; sourceTree = "<group>"; };
/* End PBXFileReference section */

/* Begin PBXFrameworksBuildPhase section */
		CAC6D8732371DA2C00FF4BEC /* Frameworks */ = {
			isa = PBXFrameworksBuildPhase;
			buildActionMask = 2147483647;
			files = (
			);
			runOnlyForDeploymentPostprocessing = 0;
		};
/* End PBXFrameworksBuildPhase section */

/* Begin PBXGroup section */
		CAC6D86D2371DA2C00FF4BEC = {
			isa = PBXGroup;
			children = (
				CAC6D8782371DA2C00FF4BEC /* 关联对象 */,
				CAC6D8772371DA2C00FF4BEC /* Products */,
			);
			sourceTree = "<group>";
		};
		CAC6D8772371DA2C00FF4BEC /* Products */ = {
			isa = PBXGroup;
			children = (
				CAC6D8762371DA2C00FF4BEC /* 关联对象 */,
			);
			name = Products;
			sourceTree = "<group>";
		};
		CAC6D8782371DA2C00FF4BEC /* 关联对象 */ = {
			isa = PBXGroup;
			children = (
				CAC6D8792371DA2C00FF4BEC /* main.m */,
				CAC6D8802371DA5E00FF4BEC /* Person.h */,
				CAC6D8812371DA5E00FF4BEC /* Person.m */,
				CAC6D8832371DC6A00FF4BEC /* Person+Test.h */,
				CAC6D8842371DC6A00FF4BEC /* Person+Test.m */,
				CA55E0B42410EAE600FD4C5C /* Person+Test2.h */,
				CA55E0B52410EAE600FD4C5C /* Person+Test2.m */,
			);
			path = "关联对象";
			sourceTree = "<group>";
		};
/* End PBXGroup section */

/* Begin PBXNativeTarget section */
		CAC6D8752371DA2C00FF4BEC /* 关联对象 */ = {
			isa = PBXNativeTarget;
			buildConfigurationList = CAC6D87D2371DA2C00FF4BEC /* Build configuration list for PBXNativeTarget "关联对象" */;
			buildPhases = (
				CAC6D8722371DA2C00FF4BEC /* Sources */,
				CAC6D8732371DA2C00FF4BEC /* Frameworks */,
				CAC6D8742371DA2C00FF4BEC /* CopyFiles */,
			);
			buildRules = (
			);
			dependencies = (
			);
			name = "关联对象";
			productName = "关联对象";
			productReference = CAC6D8762371DA2C00FF4BEC /* 关联对象 */;
			productType = "com.apple.product-type.tool";
		};
/* End PBXNativeTarget section */

/* Begin PBXProject section */
		CAC6D86E2371DA2C00FF4BEC /* Project object */ = {
			isa = PBXProject;
			attributes = {
				LastUpgradeCheck = 1100;
				ORGANIZATIONNAME = CXTretar;
				TargetAttributes = {
					CAC6D8752371DA2C00FF4BEC = {
						CreatedOnToolsVersion = 11.0;
					};
				};
			};
			buildConfigurationList = CAC6D8712371DA2C00FF4BEC /* Build configuration list for PBXProject "关联对象" */;
			compatibilityVersion = "Xcode 9.3";
			developmentRegion = en;
			hasScannedForEncodings = 0;
			knownRegions = (
				en,
				Base,
			);
			mainGroup = CAC6D86D2371DA2C00FF4BEC;
			productRefGroup = CAC6D8772371DA2C00FF4BEC /* Products */;
			projectDirPath = "";
			projectRoot = "";
			targets = (
				CAC6D8752371DA2C00FF4BEC /* 关联对象 */,
			);
		};
/* End PBXProject section */

/* Begin PBXSourcesBuildPhase section */
		CAC6D8722371DA2C00FF4BEC /* Sources */ = {
			isa = PBXSourcesBuildPhase;
			buildActionMask = 2147483647;
			files = (
				CAC6D8852371DC6A00FF4BEC /* Person+Test.m in Sources */,
				CA55E0B62410EAE600FD4C5C /* Person+Test2.m in Sources */,
				CAC6D8822371DA5E00FF4BEC /* Person.m in Sources */,
				CAC6D87A2371DA2C00FF4BEC /* main.m in Sources */,
			);
			runOnlyForDeploymentPostprocessing = 0;
		};
/* End PBXSourcesBuildPhase section */

/* Begin XCBuildConfiguration section */
		CAC6D87B2371DA2C00FF4BEC /* Debug */ = {
			isa = XCBuildConfiguration;
			buildSettings = {
				ALWAYS_SEARCH_USER_PATHS = NO;
				CLANG_ANALYZER_NONNULL = YES;
				CLANG_ANALYZER_NUMBER_OBJECT_CONVERSION = YES_AGGRESSIVE;
				CLANG_CXX_LANGUAGE_STANDARD = "gnu++14";
				CLANG_CXX_LIBRARY = "libc++";
				CLANG_ENABLE_MODULES = YES;
				CLANG_ENABLE_OBJC_ARC = YES;
				CLANG_ENABLE_OBJC_WEAK = YES;
				CLANG_WARN_BLOCK_CAPTURE_AUTORELEASING = YES;
				CLANG_WARN_BOOL_CONVERSION = YES;
				CLANG_WARN_COMMA = YES;
				CLANG_WARN_CONSTANT_CONVERSION = YES;
				CLANG_WARN_DEPRECATED_OBJC_IMPLEMENTATIONS = YES;
				CLANG_WARN_DIRECT_OBJC_ISA_USAGE = YES_ERROR;
				CLANG_WARN_DOCUMENTATION_COMMENTS = YES;
				CLANG_WARN_EMPTY_BODY = YES;
				CLANG_WARN_ENUM_CONVERSION = YES;
				CLANG_WARN_INFINITE_RECURSION = YES;
				CLANG_WARN_INT_CONVERSION = YES;
				CLANG_WARN_NON_LITERAL_NULL_CONVERSION = YES;
				CLANG_WARN_OBJC_IMPLICIT_RETAIN_SELF = YES;
				CLANG_WARN_OBJC_LITERAL_CONVERSION = YES;
				CLANG_WARN_OBJC_ROOT_CLASS = YES_ERROR;
				CLANG_WARN_RANGE_LOOP_ANALYSIS = YES;
				CLANG_WARN_STRICT_PROTOTYPES = YES;
				CLANG_WARN_SUSPICIOUS_MOVE = YES;
				CLANG_WARN_UNGUARDED_AVAILABILITY = YES_AGGRESSIVE;
				CLANG_WARN_UNREACHABLE_CODE = YES;
				CLANG_WARN__DUPLICATE_METHOD_MATCH = YES;
				COPY_PHASE_STRIP = NO;
				DEBUG_INFORMATION_FORMAT = dwarf;
				ENABLE_STRICT_OBJC_MSGSEND = YES;
				ENABLE_TESTABILITY = YES;
				GCC_C_LANGUAGE_STANDARD = gnu11;
				GCC_DYNAMIC_NO_PIC = NO;
				GCC_NO_COMMON_BLOCKS = YES;
				GCC_OPTIMIZATION_LEVEL = 0;
				GCC_PREPROCESSOR_DEFINITIONS = (
					"DEBUG=1",
					"$(inherited)",
				);
				GCC_WARN_64_TO_32_BIT_CONVERSION = YES;
				GCC_WARN_ABOUT_RETURN_TYPE = YES_ERROR;
				GCC_WARN_UNDECLARED_SELECTOR = YES;
				GCC_WARN_UNINITIALIZED_AUTOS = YES_AGGRESSIVE;
				GCC_WARN_UNUSED_FUNCTION = YES;
				GCC_WARN_UNUSED_VARIABLE = YES;
				MACOSX_DEPLOYMENT_TARGET = 10.15;
				MTL_ENABLE_DEBUG_INFO = INCLUDE_SOURCE;
				MTL_FAST_MATH = YES;
				ONLY_ACTIVE_ARCH = YES;
				SDKROOT = macosx;
			};
			name = Debug;
		};
		CAC6D87C2371DA2C00FF4BEC /* Release */ = {
			isa = XCBuildConfiguration;
			buildSettings = {
				ALWAYS_SEARCH_USER_PATHS = NO;
				CLANG_ANALYZER_NONNULL = YES;
				CLANG_ANALYZER_NUMBER_OBJECT_CONVERSION = YES_AGGRESSIVE;
				CLANG_CXX_LANGUAGE_STANDARD = "gnu++14";
				CLANG_CXX_LIBRARY = "libc++";
				CLANG_ENABLE_MODULES = YES;
				CLANG_ENABLE_OBJC_ARC = YES;
				CLANG_ENABLE_OBJC_WEAK = YES;
				CLANG_WARN_BLOCK_CAPTURE_AUTORELEASING = YES;
				CLANG_WARN_BOOL_CONVERSION = YES;
				CLANG_WARN_COMMA = YES;
				CLANG_WARN_CONSTANT_CONVERSION = YES;
				CLANG_WARN_DEPRECATED_OBJC_IMPLEMENTATIONS = YES;
				CLANG_WARN_DIRECT_OBJC_ISA_USAGE = YES_ERROR;
				CLANG_WARN_DOCUMENTATION_COMMENTS = YES;
				CLANG_WARN_EMPTY_BODY = YES;
				CLANG_WARN_ENUM_CONVERSION = YES;
				CLANG_WARN_INFINITE_RECURSION = YES;
				CLANG_WARN_INT_CONVERSION = YES;
				CLANG_WARN_NON_LITERAL_NULL_CONVERSION = YES;
				CLANG_WARN_OBJC_IMPLICIT_RETAIN_SELF = YES;
				CLANG_WARN_OBJC_LITERAL_CONVERSION = YES;
				CLANG_WARN_OBJC_ROOT_CLASS = YES_ERROR;
				CLANG_WARN_RANGE_LOOP_ANALYSIS = YES;
				CLANG_WARN_STRICT_PROTOTYPES = YES;
				CLANG_WARN_SUSPICIOUS_MOVE = YES;
				CLANG_WARN_UNGUARDED_AVAILABILITY = YES_AGGRESSIVE;
				CLANG_WARN_UNREACHABLE_CODE = YES;
				CLANG_WARN__DUPLICATE_METHOD_MATCH = YES;
				COPY_PHASE_STRIP = NO;
				DEBUG_INFORMATION_FORMAT = "dwarf-with-dsym";
				ENABLE_NS_ASSERTIONS = NO;
				ENABLE_STRICT_OBJC_MSGSEND = YES;
				GCC_C_LANGUAGE_STANDARD = gnu11;
				GCC_NO_COMMON_BLOCKS = YES;
				GCC_WARN_64_TO_32_BIT_CONVERSION = YES;
				GCC_WARN_ABOUT_RETURN_TYPE = YES_ERROR;
				GCC_WARN_UNDECLARED_SELECTOR = YES;
				GCC_WARN_UNINITIALIZED_AUTOS = YES_AGGRESSIVE;
				GCC_WARN_UNUSED_FUNCTION = YES;
				GCC_WARN_UNUSED_VARIABLE = YES;
				MACOSX_DEPLOYMENT_TARGET = 10.15;
				MTL_ENABLE_DEBUG_INFO = NO;
				MTL_FAST_MATH = YES;
				SDKROOT = macosx;
			};
			name = Release;
		};
		CAC6D87E2371DA2C00FF4BEC /* Debug */ = {
			isa = XCBuildConfiguration;
			buildSettings = {
				CODE_SIGN_STYLE = Automatic;
				PRODUCT_NAME = "$(TARGET_NAME)";
			};
			name = Debug;
		};
		CAC6D87F2371DA2C00FF4BEC /* Release */ = {
			isa = XCBuildConfiguration;
			buildSettings = {
				CODE_SIGN_STYLE = Automatic;
				PRODUCT_NAME = "$(TARGET_NAME)";
			};
			name = Release;
		};
/* End XCBuildConfiguration section */

/* Begin XCConfigurationList section */
		CAC6D8712371DA2C00FF4BEC /* Build configuration list for PBXProject "关联对象" */ = {
			isa = XCConfigurationList;
			buildConfigurations = (
				CAC6D87B2371DA2C00FF4BEC /* Debug */,
				CAC6D87C2371DA2C00FF4BEC /* Release */,
			);
			defaultConfigurationIsVisible = 0;
			defaultConfigurationName = Release;
		};
		CAC6D87D2371DA2C00FF4BEC /* Build configuration list for PBXNativeTarget "关联对象" */ = {
			isa = XCConfigurationList;
			buildConfigurations = (
				CAC6D87E2371DA2C00FF4BEC /* Debug */,
				CAC6D87F2371DA2C00FF4BEC /* Release */,
			);
			defaultConfigurationIsVisible = 0;
			defaultConfigurationName = Release;
		};
/* End XCConfigurationList section */
	};
	rootObject = CAC6D86E2371DA2C00FF4BEC /* Project object */;
}
